// !$*UTF8*$!
{
	archiveVersion = 1;
	classes = {
	};
	objectVersion = 56;
	objects = {

/* Begin PBXBuildFile section */
		446B972C29B5B6BF006974BE /* MemorizeApp.swift in Sources */ = {isa = PBXBuildFile; fileRef = 446B972B29B5B6BF006974BE /* MemorizeApp.swift */; };
		446B972E29B5B6BF006974BE /* GameView.swift in Sources */ = {isa = PBXBuildFile; fileRef = 446B972D29B5B6BF006974BE /* GameView.swift */; };
		446B973029B5B6C4006974BE /* Assets.xcassets in Resources */ = {isa = PBXBuildFile; fileRef = 446B972F29B5B6C4006974BE /* Assets.xcassets */; };
		446B973329B5B6C4006974BE /* Preview Assets.xcassets in Resources */ = {isa = PBXBuildFile; fileRef = 446B973229B5B6C4006974BE /* Preview Assets.xcassets */; };
		446B973A29B6FFFA006974BE /* Game.swift in Sources */ = {isa = PBXBuildFile; fileRef = 446B973929B6FFFA006974BE /* Game.swift */; };
		446B973D29B7006B006974BE /* Card.swift in Sources */ = {isa = PBXBuildFile; fileRef = 446B973C29B7006B006974BE /* Card.swift */; };
		446B974029B70227006974BE /* EmojiGameVM.swift in Sources */ = {isa = PBXBuildFile; fileRef = 446B973F29B70227006974BE /* EmojiGameVM.swift */; };
		446B974229B7036D006974BE /* CardsTheme.swift in Sources */ = {isa = PBXBuildFile; fileRef = 446B974129B7036D006974BE /* CardsTheme.swift */; };
		446B974529B857CA006974BE /* EmojiCardView.swift in Sources */ = {isa = PBXBuildFile; fileRef = 446B974429B857C9006974BE /* EmojiCardView.swift */; };
		446B974729B87879006974BE /* EmojiThemes.swift in Sources */ = {isa = PBXBuildFile; fileRef = 446B974629B87879006974BE /* EmojiThemes.swift */; };
		44A086FF29DF0DB30079B00A /* AspectVGrid.swift in Sources */ = {isa = PBXBuildFile; fileRef = 44A086FE29DF0DB30079B00A /* AspectVGrid.swift */; };
		44A0870129DF598E0079B00A /* Pie.swift in Sources */ = {isa = PBXBuildFile; fileRef = 44A0870029DF598E0079B00A /* Pie.swift */; };
/* End PBXBuildFile section */

/* Begin PBXFileReference section */
		446B972829B5B6BF006974BE /* Memorize.app */ = {isa = PBXFileReference; explicitFileType = wrapper.application; includeInIndex = 0; path = Memorize.app; sourceTree = BUILT_PRODUCTS_DIR; };
		446B972B29B5B6BF006974BE /* MemorizeApp.swift */ = {isa = PBXFileReference; lastKnownFileType = sourcecode.swift; path = MemorizeApp.swift; sourceTree = "<group>"; };
		446B972D29B5B6BF006974BE /* GameView.swift */ = {isa = PBXFileReference; lastKnownFileType = sourcecode.swift; path = GameView.swift; sourceTree = "<group>"; };
		446B972F29B5B6C4006974BE /* Assets.xcassets */ = {isa = PBXFileReference; lastKnownFileType = folder.assetcatalog; path = Assets.xcassets; sourceTree = "<group>"; };
		446B973229B5B6C4006974BE /* Preview Assets.xcassets */ = {isa = PBXFileReference; lastKnownFileType = folder.assetcatalog; path = "Preview Assets.xcassets"; sourceTree = "<group>"; };
		446B973929B6FFFA006974BE /* Game.swift */ = {isa = PBXFileReference; lastKnownFileType = sourcecode.swift; path = Game.swift; sourceTree = "<group>"; };
		446B973C29B7006B006974BE /* Card.swift */ = {isa = PBXFileReference; lastKnownFileType = sourcecode.swift; path = Card.swift; sourceTree = "<group>"; };
		446B973F29B70227006974BE /* EmojiGameVM.swift */ = {isa = PBXFileReference; lastKnownFileType = sourcecode.swift; path = EmojiGameVM.swift; sourceTree = "<group>"; };
		446B974129B7036D006974BE /* CardsTheme.swift */ = {isa = PBXFileReference; lastKnownFileType = sourcecode.swift; path = CardsTheme.swift; sourceTree = "<group>"; };
		446B974429B857C9006974BE /* EmojiCardView.swift */ = {isa = PBXFileReference; lastKnownFileType = sourcecode.swift; path = EmojiCardView.swift; sourceTree = "<group>"; };
		446B974629B87879006974BE /* EmojiThemes.swift */ = {isa = PBXFileReference; lastKnownFileType = sourcecode.swift; path = EmojiThemes.swift; sourceTree = "<group>"; };
		44A086FE29DF0DB30079B00A /* AspectVGrid.swift */ = {isa = PBXFileReference; lastKnownFileType = sourcecode.swift; path = AspectVGrid.swift; sourceTree = "<group>"; };
		44A0870029DF598E0079B00A /* Pie.swift */ = {isa = PBXFileReference; lastKnownFileType = sourcecode.swift; path = Pie.swift; sourceTree = "<group>"; };
/* End PBXFileReference section */

/* Begin PBXFrameworksBuildPhase section */
		446B972529B5B6BF006974BE /* Frameworks */ = {
			isa = PBXFrameworksBuildPhase;
			buildActionMask = 2147483647;
			files = (
			);
			runOnlyForDeploymentPostprocessing = 0;
		};
/* End PBXFrameworksBuildPhase section */

/* Begin PBXGroup section */
		446B971F29B5B6BF006974BE = {
			isa = PBXGroup;
			children = (
				446B972A29B5B6BF006974BE /* Memorize */,
				446B972929B5B6BF006974BE /* Products */,
			);
			sourceTree = "<group>";
		};
		446B972929B5B6BF006974BE /* Products */ = {
			isa = PBXGroup;
			children = (
				446B972829B5B6BF006974BE /* Memorize.app */,
			);
			name = Products;
			sourceTree = "<group>";
		};
		446B972A29B5B6BF006974BE /* Memorize */ = {
			isa = PBXGroup;
			children = (
				446B973B29B70051006974BE /* Models */,
				446B973E29B7020A006974BE /* ViewModels */,
				446B974329B8578C006974BE /* View */,
				446B972B29B5B6BF006974BE /* MemorizeApp.swift */,
				446B972F29B5B6C4006974BE /* Assets.xcassets */,
				446B973129B5B6C4006974BE /* Preview Content */,
			);
			path = Memorize;
			sourceTree = "<group>";
		};
		446B973129B5B6C4006974BE /* Preview Content */ = {
			isa = PBXGroup;
			children = (
				446B973229B5B6C4006974BE /* Preview Assets.xcassets */,
			);
			path = "Preview Content";
			sourceTree = "<group>";
		};
		446B973B29B70051006974BE /* Models */ = {
			isa = PBXGroup;
			children = (
				446B973929B6FFFA006974BE /* Game.swift */,
				446B973C29B7006B006974BE /* Card.swift */,
				446B974129B7036D006974BE /* CardsTheme.swift */,
				446B974629B87879006974BE /* EmojiThemes.swift */,
			);
			path = Models;
			sourceTree = "<group>";
		};
		446B973E29B7020A006974BE /* ViewModels */ = {
			isa = PBXGroup;
			children = (
				446B973F29B70227006974BE /* EmojiGameVM.swift */,
			);
			path = ViewModels;
			sourceTree = "<group>";
		};
		446B974329B8578C006974BE /* View */ = {
			isa = PBXGroup;
			children = (
				446B972D29B5B6BF006974BE /* GameView.swift */,
				44A086FE29DF0DB30079B00A /* AspectVGrid.swift */,
				446B974429B857C9006974BE /* EmojiCardView.swift */,
				44A0870029DF598E0079B00A /* Pie.swift */,
			);
			path = View;
			sourceTree = "<group>";
		};
/* End PBXGroup section */

/* Begin PBXNativeTarget section */
		446B972729B5B6BF006974BE /* Memorize */ = {
			isa = PBXNativeTarget;
			buildConfigurationList = 446B973629B5B6C4006974BE /* Build configuration list for PBXNativeTarget "Memorize" */;
			buildPhases = (
				446B972429B5B6BF006974BE /* Sources */,
				446B972529B5B6BF006974BE /* Frameworks */,
				446B972629B5B6BF006974BE /* Resources */,
			);
			buildRules = (
			);
			dependencies = (
			);
			name = Memorize;
			productName = Memorize;
			productReference = 446B972829B5B6BF006974BE /* Memorize.app */;
			productType = "com.apple.product-type.application";
		};
/* End PBXNativeTarget section */

/* Begin PBXProject section */
		446B972029B5B6BF006974BE /* Project object */ = {
			isa = PBXProject;
			attributes = {
				BuildIndependentTargetsInParallel = 1;
				LastSwiftUpdateCheck = 1420;
				LastUpgradeCheck = 1420;
				TargetAttributes = {
					446B972729B5B6BF006974BE = {
						CreatedOnToolsVersion = 14.2;
					};
				};
			};
			buildConfigurationList = 446B972329B5B6BF006974BE /* Build configuration list for PBXProject "Memorize" */;
			compatibilityVersion = "Xcode 14.0";
			developmentRegion = en;
			hasScannedForEncodings = 0;
			knownRegions = (
				en,
				Base,
			);
			mainGroup = 446B971F29B5B6BF006974BE;
			productRefGroup = 446B972929B5B6BF006974BE /* Products */;
			projectDirPath = "";
			projectRoot = "";
			targets = (
				446B972729B5B6BF006974BE /* Memorize */,
			);
		};
/* End PBXProject section */

/* Begin PBXResourcesBuildPhase section */
		446B972629B5B6BF006974BE /* Resources */ = {
			isa = PBXResourcesBuildPhase;
			buildActionMask = 2147483647;
			files = (
				446B973329B5B6C4006974BE /* Preview Assets.xcassets in Resources */,
				446B973029B5B6C4006974BE /* Assets.xcassets in Resources */,
			);
			runOnlyForDeploymentPostprocessing = 0;
		};
/* End PBXResourcesBuildPhase section */

/* Begin PBXSourcesBuildPhase section */
		446B972429B5B6BF006974BE /* Sources */ = {
			isa = PBXSourcesBuildPhase;
			buildActionMask = 2147483647;
			files = (
				44A0870129DF598E0079B00A /* Pie.swift in Sources */,
				446B974529B857CA006974BE /* EmojiCardView.swift in Sources */,
				446B972E29B5B6BF006974BE /* GameView.swift in Sources */,
				446B973A29B6FFFA006974BE /* Game.swift in Sources */,
				446B972C29B5B6BF006974BE /* MemorizeApp.swift in Sources */,
				446B974229B7036D006974BE /* CardsTheme.swift in Sources */,
				446B974029B70227006974BE /* EmojiGameVM.swift in Sources */,
				446B974729B87879006974BE /* EmojiThemes.swift in Sources */,
				446B973D29B7006B006974BE /* Card.swift in Sources */,
				44A086FF29DF0DB30079B00A /* AspectVGrid.swift in Sources */,
			);
			runOnlyForDeploymentPostprocessing = 0;
		};
/* End PBXSourcesBuildPhase section */

/* Begin XCBuildConfiguration section */
		446B973429B5B6C4006974BE /* Debug */ = {
			isa = XCBuildConfiguration;
			buildSettings = {
				ALWAYS_SEARCH_USER_PATHS = NO;
				CLANG_ANALYZER_NONNULL = YES;
				CLANG_ANALYZER_NUMBER_OBJECT_CONVERSION = YES_AGGRESSIVE;
				CLANG_CXX_LANGUAGE_STANDARD = "gnu++20";
				CLANG_ENABLE_MODULES = YES;
				CLANG_ENABLE_OBJC_ARC = YES;
				CLANG_ENABLE_OBJC_WEAK = YES;
				CLANG_WARN_BLOCK_CAPTURE_AUTORELEASING = YES;
				CLANG_WARN_BOOL_CONVERSION = YES;
				CLANG_WARN_COMMA = YES;
				CLANG_WARN_CONSTANT_CONVERSION = YES;
				CLANG_WARN_DEPRECATED_OBJC_IMPLEMENTATIONS = YES;
				CLANG_WARN_DIRECT_OBJC_ISA_USAGE = YES_ERROR;
				CLANG_WARN_DOCUMENTATION_COMMENTS = YES;
				CLANG_WARN_EMPTY_BODY = YES;
				CLANG_WARN_ENUM_CONVERSION = YES;
				CLANG_WARN_INFINITE_RECURSION = YES;
				CLANG_WARN_INT_CONVERSION = YES;
				CLANG_WARN_NON_LITERAL_NULL_CONVERSION = YES;
				CLANG_WARN_OBJC_IMPLICIT_RETAIN_SELF = YES;
				CLANG_WARN_OBJC_LITERAL_CONVERSION = YES;
				CLANG_WARN_OBJC_ROOT_CLASS = YES_ERROR;
				CLANG_WARN_QUOTED_INCLUDE_IN_FRAMEWORK_HEADER = YES;
				CLANG_WARN_RANGE_LOOP_ANALYSIS = YES;
				CLANG_WARN_STRICT_PROTOTYPES = YES;
				CLANG_WARN_SUSPICIOUS_MOVE = YES;
				CLANG_WARN_UNGUARDED_AVAILABILITY = YES_AGGRESSIVE;
				CLANG_WARN_UNREACHABLE_CODE = YES;
				CLANG_WARN__DUPLICATE_METHOD_MATCH = YES;
				COPY_PHASE_STRIP = NO;
				DEBUG_INFORMATION_FORMAT = dwarf;
				ENABLE_STRICT_OBJC_MSGSEND = YES;
				ENABLE_TESTABILITY = YES;
				GCC_C_LANGUAGE_STANDARD = gnu11;
				GCC_DYNAMIC_NO_PIC = NO;
				GCC_NO_COMMON_BLOCKS = YES;
				GCC_OPTIMIZATION_LEVEL = 0;
				GCC_PREPROCESSOR_DEFINITIONS = (
					"DEBUG=1",
					"$(inherited)",
				);
				GCC_WARN_64_TO_32_BIT_CONVERSION = YES;
				GCC_WARN_ABOUT_RETURN_TYPE = YES_ERROR;
				GCC_WARN_UNDECLARED_SELECTOR = YES;
				GCC_WARN_UNINITIALIZED_AUTOS = YES_AGGRESSIVE;
				GCC_WARN_UNUSED_FUNCTION = YES;
				GCC_WARN_UNUSED_VARIABLE = YES;
				IPHONEOS_DEPLOYMENT_TARGET = 16.2;
				MTL_ENABLE_DEBUG_INFO = INCLUDE_SOURCE;
				MTL_FAST_MATH = YES;
				ONLY_ACTIVE_ARCH = YES;
				SDKROOT = iphoneos;
				SWIFT_ACTIVE_COMPILATION_CONDITIONS = DEBUG;
				SWIFT_OPTIMIZATION_LEVEL = "-Onone";
			};
			name = Debug;
		};
		446B973529B5B6C4006974BE /* Release */ = {
			isa = XCBuildConfiguration;
			buildSettings = {
				ALWAYS_SEARCH_USER_PATHS = NO;
				CLANG_ANALYZER_NONNULL = YES;
				CLANG_ANALYZER_NUMBER_OBJECT_CONVERSION = YES_AGGRESSIVE;
				CLANG_CXX_LANGUAGE_STANDARD = "gnu++20";
				CLANG_ENABLE_MODULES = YES;
				CLANG_ENABLE_OBJC_ARC = YES;
				CLANG_ENABLE_OBJC_WEAK = YES;
				CLANG_WARN_BLOCK_CAPTURE_AUTORELEASING = YES;
				CLANG_WARN_BOOL_CONVERSION = YES;
				CLANG_WARN_COMMA = YES;
				CLANG_WARN_CONSTANT_CONVERSION = YES;
				CLANG_WARN_DEPRECATED_OBJC_IMPLEMENTATIONS = YES;
				CLANG_WARN_DIRECT_OBJC_ISA_USAGE = YES_ERROR;
				CLANG_WARN_DOCUMENTATION_COMMENTS = YES;
				CLANG_WARN_EMPTY_BODY = YES;
				CLANG_WARN_ENUM_CONVERSION = YES;
				CLANG_WARN_INFINITE_RECURSION = YES;
				CLANG_WARN_INT_CONVERSION = YES;
				CLANG_WARN_NON_LITERAL_NULL_CONVERSION = YES;
				CLANG_WARN_OBJC_IMPLICIT_RETAIN_SELF = YES;
				CLANG_WARN_OBJC_LITERAL_CONVERSION = YES;
				CLANG_WARN_OBJC_ROOT_CLASS = YES_ERROR;
				CLANG_WARN_QUOTED_INCLUDE_IN_FRAMEWORK_HEADER = YES;
				CLANG_WARN_RANGE_LOOP_ANALYSIS = YES;
				CLANG_WARN_STRICT_PROTOTYPES = YES;
				CLANG_WARN_SUSPICIOUS_MOVE = YES;
				CLANG_WARN_UNGUARDED_AVAILABILITY = YES_AGGRESSIVE;
				CLANG_WARN_UNREACHABLE_CODE = YES;
				CLANG_WARN__DUPLICATE_METHOD_MATCH = YES;
				COPY_PHASE_STRIP = NO;
				DEBUG_INFORMATION_FORMAT = "dwarf-with-dsym";
				ENABLE_NS_ASSERTIONS = NO;
				ENABLE_STRICT_OBJC_MSGSEND = YES;
				GCC_C_LANGUAGE_STANDARD = gnu11;
				GCC_NO_COMMON_BLOCKS = YES;
				GCC_WARN_64_TO_32_BIT_CONVERSION = YES;
				GCC_WARN_ABOUT_RETURN_TYPE = YES_ERROR;
				GCC_WARN_UNDECLARED_SELECTOR = YES;
				GCC_WARN_UNINITIALIZED_AUTOS = YES_AGGRESSIVE;
				GCC_WARN_UNUSED_FUNCTION = YES;
				GCC_WARN_UNUSED_VARIABLE = YES;
				IPHONEOS_DEPLOYMENT_TARGET = 16.2;
				MTL_ENABLE_DEBUG_INFO = NO;
				MTL_FAST_MATH = YES;
				SDKROOT = iphoneos;
				SWIFT_COMPILATION_MODE = wholemodule;
				SWIFT_OPTIMIZATION_LEVEL = "-O";
				VALIDATE_PRODUCT = YES;
			};
			name = Release;
		};
		446B973729B5B6C4006974BE /* Debug */ = {
			isa = XCBuildConfiguration;
			buildSettings = {
				ASSETCATALOG_COMPILER_APPICON_NAME = AppIcon;
				ASSETCATALOG_COMPILER_GLOBAL_ACCENT_COLOR_NAME = AccentColor;
				CODE_SIGN_STYLE = Automatic;
				CURRENT_PROJECT_VERSION = 1;
				DEVELOPMENT_ASSET_PATHS = "\"Memorize/Preview Content\"";
				DEVELOPMENT_TEAM = EE9E76ZXMF;
				ENABLE_PREVIEWS = YES;
				GENERATE_INFOPLIST_FILE = YES;
				INFOPLIST_KEY_UIApplicationSceneManifest_Generation = YES;
				INFOPLIST_KEY_UIApplicationSupportsIndirectInputEvents = YES;
				INFOPLIST_KEY_UILaunchScreen_Generation = YES;
				INFOPLIST_KEY_UISupportedInterfaceOrientations_iPad = "UIInterfaceOrientationPortrait UIInterfaceOrientationPortraitUpsideDown UIInterfaceOrientationLandscapeLeft UIInterfaceOrientationLandscapeRight";
				INFOPLIST_KEY_UISupportedInterfaceOrientations_iPhone = "UIInterfaceOrientationPortrait UIInterfaceOrientationLandscapeLeft UIInterfaceOrientationLandscapeRight";
				IPHONEOS_DEPLOYMENT_TARGET = 15.4;
				LD_RUNPATH_SEARCH_PATHS = (
					"$(inherited)",
					"@executable_path/Frameworks",
				);
				MARKETING_VERSION = 1.0;
				PRODUCT_BUNDLE_IDENTIFIER = com.almatarm.Memorize;
				PRODUCT_NAME = "$(TARGET_NAME)";
				SWIFT_EMIT_LOC_STRINGS = YES;
				SWIFT_VERSION = 5.0;
				TARGETED_DEVICE_FAMILY = "1,2";
			};
			name = Debug;
		};
		446B973829B5B6C4006974BE /* Release */ = {
			isa = XCBuildConfiguration;
			buildSettings = {
				ASSETCATALOG_COMPILER_APPICON_NAME = AppIcon;
				ASSETCATALOG_COMPILER_GLOBAL_ACCENT_COLOR_NAME = AccentColor;
				CODE_SIGN_STYLE = Automatic;
				CURRENT_PROJECT_VERSION = 1;
				DEVELOPMENT_ASSET_PATHS = "\"Memorize/Preview Content\"";
				DEVELOPMENT_TEAM = EE9E76ZXMF;
				ENABLE_PREVIEWS = YES;
				GENERATE_INFOPLIST_FILE = YES;
				INFOPLIST_KEY_UIApplicationSceneManifest_Generation = YES;
				INFOPLIST_KEY_UIApplicationSupportsIndirectInputEvents = YES;
				INFOPLIST_KEY_UILaunchScreen_Generation = YES;
				INFOPLIST_KEY_UISupportedInterfaceOrientations_iPad = "UIInterfaceOrientationPortrait UIInterfaceOrientationPortraitUpsideDown UIInterfaceOrientationLandscapeLeft UIInterfaceOrientationLandscapeRight";
				INFOPLIST_KEY_UISupportedInterfaceOrientations_iPhone = "UIInterfaceOrientationPortrait UIInterfaceOrientationLandscapeLeft UIInterfaceOrientationLandscapeRight";
				IPHONEOS_DEPLOYMENT_TARGET = 15.4;
				LD_RUNPATH_SEARCH_PATHS = (
					"$(inherited)",
					"@executable_path/Frameworks",
				);
				MARKETING_VERSION = 1.0;
				PRODUCT_BUNDLE_IDENTIFIER = com.almatarm.Memorize;
				PRODUCT_NAME = "$(TARGET_NAME)";
				SWIFT_EMIT_LOC_STRINGS = YES;
				SWIFT_VERSION = 5.0;
				TARGETED_DEVICE_FAMILY = "1,2";
			};
			name = Release;
		};
/* End XCBuildConfiguration section */

/* Begin XCConfigurationList section */
		446B972329B5B6BF006974BE /* Build configuration list for PBXProject "Memorize" */ = {
			isa = XCConfigurationList;
			buildConfigurations = (
				446B973429B5B6C4006974BE /* Debug */,
				446B973529B5B6C4006974BE /* Release */,
			);
			defaultConfigurationIsVisible = 0;
			defaultConfigurationName = Release;
		};
		446B973629B5B6C4006974BE /* Build configuration list for PBXNativeTarget "Memorize" */ = {
			isa = XCConfigurationList;
			buildConfigurations = (
				446B973729B5B6C4006974BE /* Debug */,
				446B973829B5B6C4006974BE /* Release */,
			);
			defaultConfigurationIsVisible = 0;
			defaultConfigurationName = Release;
		};
/* End XCConfigurationList section */
	};
	rootObject = 446B972029B5B6BF006974BE /* Project object */;
}
